Microsoft Visual Studio Solution File, Format Version 12.00
# Visual Studio Version 17
VisualStudioVersion = 17.5.2.0
MinimumVisualStudioVersion = 10.0.40219.1
Project("{FAE04EC0-301F-11D3-BF4B-00C04F79EFBC}") = "Umbraco.Community.ContentAudit", "Umbraco.Community.ContentAudit.csproj", "{901A4E73-A585-20AD-0FB4-B53F4B240657}"
EndProject
Global
	GlobalSection(SolutionConfigurationPlatforms) = preSolution
		Debug|Any CPU = Debug|Any CPU
		Release|Any CPU = Release|Any CPU
	EndGlobalSection
	GlobalSection(ProjectConfigurationPlatforms) = postSolution
		{901A4E73-A585-20AD-0FB4-B53F4B240657}.Debug|Any CPU.ActiveCfg = Debug|Any CPU
		{901A4E73-A585-20AD-0FB4-B53F4B240657}.Debug|Any CPU.Build.0 = Debug|Any CPU
		{901A4E73-A585-20AD-0FB4-B53F4B240657}.Release|Any CPU.ActiveCfg = Release|Any CPU
		{901A4E73-A585-20AD-0FB4-B53F4B240657}.Release|Any CPU.Build.0 = Release|Any CPU
	EndGlobalSection
	GlobalSection(SolutionProperties) = preSolution
		HideSolutionNode = FALSE
	EndGlobalSection
	GlobalSection(ExtensibilityGlobals) = postSolution
		SolutionGuid = {FDF33A45-B46A-47EB-B0AC-8F73EB384490}
	EndGlobalSection
EndGlobal
